{
  "requires": true,
  "lockfileVersion": 1,
  "dependencies": {
    "nats": {
      "version": "2.25.0",
      "resolved": "https://registry.npmjs.org/nats/-/nats-2.25.0.tgz",
      "integrity": "sha512-ta37lmNNKigW7mkh6SsZdJpkgnLhEUOI8jLiIvVDR9pxyDEac4wFwtqifQs762UgMgFk1q45DyjfMgFk6S2aaw==",
      "requires": {
        "nkeys.js": "1.1.0"
      }
    },
    "nkeys.js": {
      "version": "1.1.0",
      "resolved": "https://registry.npmjs.org/nkeys.js/-/nkeys.js-1.1.0.tgz",
      "integrity": "sha512-tB/a0shZL5UZWSwsoeyqfTszONTt4k2YS0tuQioMOD180+MbombYVgzDUYHlx+gejYK6rgf08n/2Df99WY0Sxg==",
      "requires": {
        "tweetnacl": "1.0.3"
      }
    },
    "tweetnacl": {
      "version": "1.0.3",
      "resolved": "https://registry.npmjs.org/tweetnacl/-/tweetnacl-1.0.3.tgz",
      "integrity": "sha512-6rt+RN7aOi1nGMyC4Xa5DdYiukl2UWCbcJft7YhxReBGQD7OAM8Pbxw6YMo4r2diNEA8FEmu32YOn9rhaiE5yw=="
    }
  }
}
